
Microsoft Visual Studio Solution File, Format Version 12.00
# Visual Studio Express 2012 for Web
Project("{E24C65DC-7377-472B-9ABA-BC803B73C61A}") = "Employee", "..\..\..\..\Desktop\ems_2\Employee\Employee\", "{4D33F9E2-4A58-4A2D-A2B4-DD1C3B6D0D7F}"
	ProjectSection(WebsiteProperties) = preProject
		TargetFrameworkMoniker = ".NETFramework,Version%3Dv2.0"
		Debug.AspNetCompiler.VirtualPath = "/Employee"
		Debug.AspNetCompiler.PhysicalPath = "..\..\..\..\Desktop\ems_2\Employee\Employee\"
		Debug.AspNetCompiler.TargetPath = "PrecompiledWeb\Employee\"
		Debug.AspNetCompiler.Updateable = "true"
		Debug.AspNetCompiler.ForceOverwrite = "true"
		Debug.AspNetCompiler.FixedNames = "false"
		Debug.AspNetCompiler.Debug = "True"
		Release.AspNetCompiler.VirtualPath = "/Employee"
		Release.AspNetCompiler.PhysicalPath = "..\..\..\..\Desktop\ems_2\Employee\Employee\"
		Release.AspNetCompiler.TargetPath = "PrecompiledWeb\Employee\"
		Release.AspNetCompiler.Updateable = "true"
		Release.AspNetCompiler.ForceOverwrite = "true"
		Release.AspNetCompiler.FixedNames = "false"
		Release.AspNetCompiler.Debug = "False"
		VWDPort = "51306"
	EndProjectSection
EndProject
Global
	GlobalSection(SolutionConfigurationPlatforms) = preSolution
		Debug|Any CPU = Debug|Any CPU
	EndGlobalSection
	GlobalSection(ProjectConfigurationPlatforms) = postSolution
		{4D33F9E2-4A58-4A2D-A2B4-DD1C3B6D0D7F}.Debug|Any CPU.ActiveCfg = Debug|Any CPU
		{4D33F9E2-4A58-4A2D-A2B4-DD1C3B6D0D7F}.Debug|Any CPU.Build.0 = Debug|Any CPU
	EndGlobalSection
	GlobalSection(SolutionProperties) = preSolution
		HideSolutionNode = FALSE
	EndGlobalSection
EndGlobal
